
Microsoft Visual Studio Solution File, Format Version 12.00
# Visual Studio Version 17
VisualStudioVersion = 17.8.34316.72
MinimumVisualStudioVersion = 10.0.40219.1
Project("{FAE04EC0-301F-11D3-BF4B-00C04F79EFBC}") = "SocialPlatform", "SocialPlatform\SocialPlatform.csproj", "{B55788ED-AAC2-4B07-AAA5-E2F9E893205A}"
EndProject
Global
	GlobalSection(SolutionConfigurationPlatforms) = preSolution
		Debug|Any CPU = Debug|Any CPU
		Release|Any CPU = Release|Any CPU
	EndGlobalSection
	GlobalSection(ProjectConfigurationPlatforms) = postSolution
		{B55788ED-AAC2-4B07-AAA5-E2F9E893205A}.Debug|Any CPU.ActiveCfg = Debug|Any CPU
		{B55788ED-AAC2-4B07-AAA5-E2F9E893205A}.Debug|Any CPU.Build.0 = Debug|Any CPU
		{B55788ED-AAC2-4B07-AAA5-E2F9E893205A}.Release|Any CPU.ActiveCfg = Release|Any CPU
		{B55788ED-AAC2-4B07-AAA5-E2F9E893205A}.Release|Any CPU.Build.0 = Release|Any CPU
	EndGlobalSection
	GlobalSection(SolutionProperties) = preSolution
		HideSolutionNode = FALSE
	EndGlobalSection
	GlobalSection(ExtensibilityGlobals) = postSolution
		SolutionGuid = {CED68E39-1FC0-424E-826D-B0CBEF8478D5}
	EndGlobalSection
EndGlobal
